
Microsoft Visual Studio Solution File, Format Version 12.00
# Visual Studio Version 17
VisualStudioVersion = 17.5.33414.496
MinimumVisualStudioVersion = 10.0.40219.1
Project("{9A19103F-16F7-4668-BE54-9A1E7A4F7556}") = "WebApplication1", "WebApplication1\WebApplication1.csproj", "{A1D267E3-BCCD-47F0-9B65-2A64A9974F12}"
EndProject
Project("{FAE04EC0-301F-11D3-BF4B-00C04F79EFBC}") = "WebApp.Models", "WebApp.Models\WebApp.Models.csproj", "{03DEA505-E93F-4879-A4C2-022F8B69FD60}"
EndProject
Project("{FAE04EC0-301F-11D3-BF4B-00C04F79EFBC}") = "WebApp.Data", "WebApp.Data\WebApp.Data.csproj", "{A26DA856-51C7-4D2F-824C-11517555A61B}"
EndProject
Global
	GlobalSection(SolutionConfigurationPlatforms) = preSolution
		Debug|Any CPU = Debug|Any CPU
		Release|Any CPU = Release|Any CPU
	EndGlobalSection
	GlobalSection(ProjectConfigurationPlatforms) = postSolution
		{A1D267E3-BCCD-47F0-9B65-2A64A9974F12}.Debug|Any CPU.ActiveCfg = Debug|Any CPU
		{A1D267E3-BCCD-47F0-9B65-2A64A9974F12}.Debug|Any CPU.Build.0 = Debug|Any CPU
		{A1D267E3-BCCD-47F0-9B65-2A64A9974F12}.Release|Any CPU.ActiveCfg = Release|Any CPU
		{A1D267E3-BCCD-47F0-9B65-2A64A9974F12}.Release|Any CPU.Build.0 = Release|Any CPU
		{03DEA505-E93F-4879-A4C2-022F8B69FD60}.Debug|Any CPU.ActiveCfg = Debug|Any CPU
		{03DEA505-E93F-4879-A4C2-022F8B69FD60}.Debug|Any CPU.Build.0 = Debug|Any CPU
		{03DEA505-E93F-4879-A4C2-022F8B69FD60}.Release|Any CPU.ActiveCfg = Release|Any CPU
		{03DEA505-E93F-4879-A4C2-022F8B69FD60}.Release|Any CPU.Build.0 = Release|Any CPU
		{A26DA856-51C7-4D2F-824C-11517555A61B}.Debug|Any CPU.ActiveCfg = Debug|Any CPU
		{A26DA856-51C7-4D2F-824C-11517555A61B}.Debug|Any CPU.Build.0 = Debug|Any CPU
		{A26DA856-51C7-4D2F-824C-11517555A61B}.Release|Any CPU.ActiveCfg = Release|Any CPU
		{A26DA856-51C7-4D2F-824C-11517555A61B}.Release|Any CPU.Build.0 = Release|Any CPU
	EndGlobalSection
	GlobalSection(SolutionProperties) = preSolution
		HideSolutionNode = FALSE
	EndGlobalSection
	GlobalSection(ExtensibilityGlobals) = postSolution
		SolutionGuid = {C4E444ED-81C8-43BD-8A17-BF4007C1641D}
	EndGlobalSection
EndGlobal
